// !$*UTF8*$!
{
	archiveVersion = 1;
	classes = {
	};
	objectVersion = 46;
	objects = {

/* Begin PBXBuildFile section */
		0BD991BE1491CE3F00198CE1 /* UIKit.framework in Frameworks */ = {isa = PBXBuildFile; fileRef = 0BD991BD1491CE3F00198CE1 /* UIKit.framework */; };
		0BD991C01491CE3F00198CE1 /* Foundation.framework in Frameworks */ = {isa = PBXBuildFile; fileRef = 0BD991BF1491CE3F00198CE1 /* Foundation.framework */; };
		0BD991C21491CE3F00198CE1 /* CoreGraphics.framework in Frameworks */ = {isa = PBXBuildFile; fileRef = 0BD991C11491CE3F00198CE1 /* CoreGraphics.framework */; };
		0BD991C81491CE4000198CE1 /* InfoPlist.strings in Resources */ = {isa = PBXBuildFile; fileRef = 0BD991C61491CE4000198CE1 /* InfoPlist.strings */; };
		0BD991CA1491CE4000198CE1 /* main.m in Sources */ = {isa = PBXBuildFile; fileRef = 0BD991C91491CE4000198CE1 /* main.m */; };
		0BD991CE1491CE4000198CE1 /* GTAppDelegate.m in Sources */ = {isa = PBXBuildFile; fileRef = 0BD991CD1491CE4000198CE1 /* GTAppDelegate.m */; };
		0BD991D11491CE4000198CE1 /* GTViewController.m in Sources */ = {isa = PBXBuildFile; fileRef = 0BD991D01491CE4000198CE1 /* GTViewController.m */; };
		0BD991D41491CE4000198CE1 /* GTViewController.xib in Resources */ = {isa = PBXBuildFile; fileRef = 0BD991D21491CE4000198CE1 /* GTViewController.xib */; };
/* End PBXBuildFile section */

/* Begin PBXFileReference section */
		0BD991B91491CE3F00198CE1 /* GitTest.app */ = {isa = PBXFileReference; explicitFileType = wrapper.application; includeInIndex = 0; path = GitTest.app; sourceTree = BUILT_PRODUCTS_DIR; };
		0BD991BD1491CE3F00198CE1 /* UIKit.framework */ = {isa = PBXFileReference; lastKnownFileType = wrapper.framework; name = UIKit.framework; path = System/Library/Frameworks/UIKit.framework; sourceTree = SDKROOT; };
		0BD991BF1491CE3F00198CE1 /* Foundation.framework */ = {isa = PBXFileReference; lastKnownFileType = wrapper.framework; name = Foundation.framework; path = System/Library/Frameworks/Foundation.framework; sourceTree = SDKROOT; };
		0BD991C11491CE3F00198CE1 /* CoreGraphics.framework */ = {isa = PBXFileReference; lastKnownFileType = wrapper.framework; name = CoreGraphics.framework; path = System/Library/Frameworks/CoreGraphics.framework; sourceTree = SDKROOT; };
		0BD991C51491CE4000198CE1 /* GitTest-Info.plist */ = {isa = PBXFileReference; lastKnownFileType = text.plist.xml; path = "GitTest-Info.plist"; sourceTree = "<group>"; };
		0BD991C71491CE4000198CE1 /* en */ = {isa = PBXFileReference; lastKnownFileType = text.plist.strings; name = en; path = en.lproj/InfoPlist.strings; sourceTree = "<group>"; };
		0BD991C91491CE4000198CE1 /* main.m */ = {isa = PBXFileReference; lastKnownFileType = sourcecode.c.objc; path = main.m; sourceTree = "<group>"; };
		0BD991CB1491CE4000198CE1 /* GitTest-Prefix.pch */ = {isa = PBXFileReference; lastKnownFileType = sourcecode.c.h; path = "GitTest-Prefix.pch"; sourceTree = "<group>"; };
		0BD991CC1491CE4000198CE1 /* GTAppDelegate.h */ = {isa = PBXFileReference; lastKnownFileType = sourcecode.c.h; path = GTAppDelegate.h; sourceTree = "<group>"; };
		0BD991CD1491CE4000198CE1 /* GTAppDelegate.m */ = {isa = PBXFileReference; lastKnownFileType = sourcecode.c.objc; path = GTAppDelegate.m; sourceTree = "<group>"; };
		0BD991CF1491CE4000198CE1 /* GTViewController.h */ = {isa = PBXFileReference; lastKnownFileType = sourcecode.c.h; path = GTViewController.h; sourceTree = "<group>"; };
		0BD991D01491CE4000198CE1 /* GTViewController.m */ = {isa = PBXFileReference; lastKnownFileType = sourcecode.c.objc; path = GTViewController.m; sourceTree = "<group>"; };
		0BD991D31491CE4000198CE1 /* en */ = {isa = PBXFileReference; lastKnownFileType = file.xib; name = en; path = en.lproj/GTViewController.xib; sourceTree = "<group>"; };
/* End PBXFileReference section */

/* Begin PBXFrameworksBuildPhase section */
		0BD991B61491CE3F00198CE1 /* Frameworks */ = {
			isa = PBXFrameworksBuildPhase;
			buildActionMask = 2147483647;
			files = (
				0BD991BE1491CE3F00198CE1 /* UIKit.framework in Frameworks */,
				0BD991C01491CE3F00198CE1 /* Foundation.framework in Frameworks */,
				0BD991C21491CE3F00198CE1 /* CoreGraphics.framework in Frameworks */,
			);
			runOnlyForDeploymentPostprocessing = 0;
		};
/* End PBXFrameworksBuildPhase section */

/* Begin PBXGroup section */
		0BD991AE1491CE3F00198CE1 = {
			isa = PBXGroup;
			children = (
				0BD991C31491CE3F00198CE1 /* GitTest */,
				0BD991BC1491CE3F00198CE1 /* Frameworks */,
				0BD991BA1491CE3F00198CE1 /* Products */,
			);
			sourceTree = "<group>";
		};
		0BD991BA1491CE3F00198CE1 /* Products */ = {
			isa = PBXGroup;
			children = (
				0BD991B91491CE3F00198CE1 /* GitTest.app */,
			);
			name = Products;
			sourceTree = "<group>";
		};
		0BD991BC1491CE3F00198CE1 /* Frameworks */ = {
			isa = PBXGroup;
			children = (
				0BD991BD1491CE3F00198CE1 /* UIKit.framework */,
				0BD991BF1491CE3F00198CE1 /* Foundation.framework */,
				0BD991C11491CE3F00198CE1 /* CoreGraphics.framework */,
			);
			name = Frameworks;
			sourceTree = "<group>";
		};
		0BD991C31491CE3F00198CE1 /* GitTest */ = {
			isa = PBXGroup;
			children = (
				0BD991CC1491CE4000198CE1 /* GTAppDelegate.h */,
				0BD991CD1491CE4000198CE1 /* GTAppDelegate.m */,
				0BD991CF1491CE4000198CE1 /* GTViewController.h */,
				0BD991D01491CE4000198CE1 /* GTViewController.m */,
				0BD991D21491CE4000198CE1 /* GTViewController.xib */,
				0BD991C41491CE4000198CE1 /* Supporting Files */,
			);
			path = GitTest;
			sourceTree = "<group>";
		};
		0BD991C41491CE4000198CE1 /* Supporting Files */ = {
			isa = PBXGroup;
			children = (
				0BD991C51491CE4000198CE1 /* GitTest-Info.plist */,
				0BD991C61491CE4000198CE1 /* InfoPlist.strings */,
				0BD991C91491CE4000198CE1 /* main.m */,
				0BD991CB1491CE4000198CE1 /* GitTest-Prefix.pch */,
			);
			name = "Supporting Files";
			sourceTree = "<group>";
		};
/* End PBXGroup section */

/* Begin PBXNativeTarget section */
		0BD991B81491CE3F00198CE1 /* GitTest */ = {
			isa = PBXNativeTarget;
			buildConfigurationList = 0BD991D71491CE4000198CE1 /* Build configuration list for PBXNativeTarget "GitTest" */;
			buildPhases = (
				0BD991B51491CE3F00198CE1 /* Sources */,
				0BD991B61491CE3F00198CE1 /* Frameworks */,
				0BD991B71491CE3F00198CE1 /* Resources */,
			);
			buildRules = (
			);
			dependencies = (
			);
			name = GitTest;
			productName = GitTest;
			productReference = 0BD991B91491CE3F00198CE1 /* GitTest.app */;
			productType = "com.apple.product-type.application";
		};
/* End PBXNativeTarget section */

/* Begin PBXProject section */
		0BD991B01491CE3F00198CE1 /* Project object */ = {
			isa = PBXProject;
			attributes = {
				LastUpgradeCheck = 0420;
				ORGANIZATIONNAME = "Certified Networks, Inc.";
			};
			buildConfigurationList = 0BD991B31491CE3F00198CE1 /* Build configuration list for PBXProject "GitTest" */;
			compatibilityVersion = "Xcode 3.2";
			developmentRegion = English;
			hasScannedForEncodings = 0;
			knownRegions = (
				en,
			);
			mainGroup = 0BD991AE1491CE3F00198CE1;
			productRefGroup = 0BD991BA1491CE3F00198CE1 /* Products */;
			projectDirPath = "";
			projectRoot = "";
			targets = (
				0BD991B81491CE3F00198CE1 /* GitTest */,
			);
		};
/* End PBXProject section */

/* Begin PBXResourcesBuildPhase section */
		0BD991B71491CE3F00198CE1 /* Resources */ = {
			isa = PBXResourcesBuildPhase;
			buildActionMask = 2147483647;
			files = (
				0BD991C81491CE4000198CE1 /* InfoPlist.strings in Resources */,
				0BD991D41491CE4000198CE1 /* GTViewController.xib in Resources */,
			);
			runOnlyForDeploymentPostprocessing = 0;
		};
/* End PBXResourcesBuildPhase section */

/* Begin PBXSourcesBuildPhase section */
		0BD991B51491CE3F00198CE1 /* Sources */ = {
			isa = PBXSourcesBuildPhase;
			buildActionMask = 2147483647;
			files = (
				0BD991CA1491CE4000198CE1 /* main.m in Sources */,
				0BD991CE1491CE4000198CE1 /* GTAppDelegate.m in Sources */,
				0BD991D11491CE4000198CE1 /* GTViewController.m in Sources */,
			);
			runOnlyForDeploymentPostprocessing = 0;
		};
/* End PBXSourcesBuildPhase section */

/* Begin PBXVariantGroup section */
		0BD991C61491CE4000198CE1 /* InfoPlist.strings */ = {
			isa = PBXVariantGroup;
			children = (
				0BD991C71491CE4000198CE1 /* en */,
			);
			name = InfoPlist.strings;
			sourceTree = "<group>";
		};
		0BD991D21491CE4000198CE1 /* GTViewController.xib */ = {
			isa = PBXVariantGroup;
			children = (
				0BD991D31491CE4000198CE1 /* en */,
			);
			name = GTViewController.xib;
			sourceTree = "<group>";
		};
/* End PBXVariantGroup section */

/* Begin XCBuildConfiguration section */
		0BD991D51491CE4000198CE1 /* Debug */ = {
			isa = XCBuildConfiguration;
			buildSettings = {
				ALWAYS_SEARCH_USER_PATHS = NO;
				ARCHS = "$(ARCHS_STANDARD_32_BIT)";
				"CODE_SIGN_IDENTITY[sdk=iphoneos*]" = "iPhone Developer";
				COPY_PHASE_STRIP = NO;
				GCC_C_LANGUAGE_STANDARD = gnu99;
				GCC_DYNAMIC_NO_PIC = NO;
				GCC_OPTIMIZATION_LEVEL = 0;
				GCC_PREPROCESSOR_DEFINITIONS = (
					"DEBUG=1",
					"$(inherited)",
				);
				GCC_SYMBOLS_PRIVATE_EXTERN = NO;
				GCC_VERSION = com.apple.compilers.llvm.clang.1_0;
				GCC_WARN_ABOUT_MISSING_PROTOTYPES = YES;
				GCC_WARN_ABOUT_RETURN_TYPE = YES;
				GCC_WARN_UNUSED_VARIABLE = YES;
				IPHONEOS_DEPLOYMENT_TARGET = 5.0;
				SDKROOT = iphoneos;
			};
			name = Debug;
		};
		0BD991D61491CE4000198CE1 /* Release */ = {
			isa = XCBuildConfiguration;
			buildSettings = {
				ALWAYS_SEARCH_USER_PATHS = NO;
				ARCHS = "$(ARCHS_STANDARD_32_BIT)";
				"CODE_SIGN_IDENTITY[sdk=iphoneos*]" = "iPhone Developer";
				COPY_PHASE_STRIP = YES;
				GCC_C_LANGUAGE_STANDARD = gnu99;
				GCC_VERSION = com.apple.compilers.llvm.clang.1_0;
				GCC_WARN_ABOUT_MISSING_PROTOTYPES = YES;
				GCC_WARN_ABOUT_RETURN_TYPE = YES;
				GCC_WARN_UNUSED_VARIABLE = YES;
				IPHONEOS_DEPLOYMENT_TARGET = 5.0;
				OTHER_CFLAGS = "-DNS_BLOCK_ASSERTIONS=1";
				SDKROOT = iphoneos;
				VALIDATE_PRODUCT = YES;
			};
			name = Release;
		};
		0BD991D81491CE4000198CE1 /* Debug */ = {
			isa = XCBuildConfiguration;
			buildSettings = {
				GCC_PRECOMPILE_PREFIX_HEADER = YES;
				GCC_PREFIX_HEADER = "GitTest/GitTest-Prefix.pch";
				INFOPLIST_FILE = "GitTest/GitTest-Info.plist";
				PRODUCT_NAME = "$(TARGET_NAME)";
				WRAPPER_EXTENSION = app;
			};
			name = Debug;
		};
		0BD991D91491CE4000198CE1 /* Release */ = {
			isa = XCBuildConfiguration;
			buildSettings = {
				GCC_PRECOMPILE_PREFIX_HEADER = YES;
				GCC_PREFIX_HEADER = "GitTest/GitTest-Prefix.pch";
				INFOPLIST_FILE = "GitTest/GitTest-Info.plist";
				PRODUCT_NAME = "$(TARGET_NAME)";
				WRAPPER_EXTENSION = app;
			};
			name = Release;
		};
/* End XCBuildConfiguration section */

/* Begin XCConfigurationList section */
		0BD991B31491CE3F00198CE1 /* Build configuration list for PBXProject "GitTest" */ = {
			isa = XCConfigurationList;
			buildConfigurations = (
				0BD991D51491CE4000198CE1 /* Debug */,
				0BD991D61491CE4000198CE1 /* Release */,
			);
			defaultConfigurationIsVisible = 0;
			defaultConfigurationName = Release;
		};
		0BD991D71491CE4000198CE1 /* Build configuration list for PBXNativeTarget "GitTest" */ = {
			isa = XCConfigurationList;
			buildConfigurations = (
				0BD991D81491CE4000198CE1 /* Debug */,
				0BD991D91491CE4000198CE1 /* Release */,
			);
			defaultConfigurationIsVisible = 0;
		};
/* End XCConfigurationList section */
	};
	rootObject = 0BD991B01491CE3F00198CE1 /* Project object */;
}
